
Microsoft Visual Studio Solution File, Format Version 12.00
# Visual Studio Version 16
VisualStudioVersion = 16.0.29102.190
MinimumVisualStudioVersion = 10.0.40219.1
Project("{9A19103F-16F7-4668-BE54-9A1E7A4F7556}") = "MeetingAPI", "MeetingAPI.csproj", "{B0884D95-9E21-47D9-B774-9B2D7F2CEA57}"
EndProject
Global
	GlobalSection(SolutionConfigurationPlatforms) = preSolution
		Debug|Any CPU = Debug|Any CPU
		Release|Any CPU = Release|Any CPU
	EndGlobalSection
	GlobalSection(ProjectConfigurationPlatforms) = postSolution
		{B0884D95-9E21-47D9-B774-9B2D7F2CEA57}.Debug|Any CPU.ActiveCfg = Debug|Any CPU
		{B0884D95-9E21-47D9-B774-9B2D7F2CEA57}.Debug|Any CPU.Build.0 = Debug|Any CPU
		{B0884D95-9E21-47D9-B774-9B2D7F2CEA57}.Release|Any CPU.ActiveCfg = Release|Any CPU
		{B0884D95-9E21-47D9-B774-9B2D7F2CEA57}.Release|Any CPU.Build.0 = Release|Any CPU
	EndGlobalSection
	GlobalSection(SolutionProperties) = preSolution
		HideSolutionNode = FALSE
	EndGlobalSection
	GlobalSection(ExtensibilityGlobals) = postSolution
		SolutionGuid = {81518987-32DD-48CA-B6C5-737FB3F56C1F}
	EndGlobalSection
EndGlobal
