{
  "requires": true,
  "lockfileVersion": 1,
  "dependencies": {
    "@angular/common": {
      "version": "7.0.0",
      "resolved": "https://registry.npmjs.org/@angular/common/-/common-7.0.0.tgz",
      "integrity": "sha512-jp6MA6EOq/a1m+F0c1aZC345pAYYYFpN1m7GMM91JlqkjzJMhyYVk+Bod9xQOEWadcpY+RFudG+jRsPCMO8bvQ==",
      "requires": {
        "tslib": "^1.9.0"
      }
    },
    "@angular/compiler": {
      "version": "7.0.0",
      "resolved": "https://registry.npmjs.org/@angular/compiler/-/compiler-7.0.0.tgz",
      "integrity": "sha512-4fkohfGyG1BEpeYenOartuJmduyZ/R3XQx46hDDiR/9A8/Go4qLGkgr9Bd/JL/gPIR1XAHH9D5ii2sh+28ZEmA==",
      "requires": {
        "tslib": "^1.9.0"
      }
    },
    "@angular/core": {
      "version": "7.0.0",
      "resolved": "https://registry.npmjs.org/@angular/core/-/core-7.0.0.tgz",
      "integrity": "sha512-DjVyWNGBWKEeBvxeXy8FGBNlnr/W/tNygOZEd6/uCktcXTG4DNyNQrWuNZUKEpr7RuIT3YVMj+UNwgTq0jB/9g==",
      "requires": {
        "tslib": "^1.9.0"
      }
    },
    "@fullcalendar/angular": {
      "version": "4.2.1",
      "resolved": "https://registry.npmjs.org/@fullcalendar/angular/-/angular-4.2.1.tgz",
      "integrity": "sha512-WUBENfFBBq6H0TYm3oi/JUlWFthtG6e+XZ+sHQTcqwDrlAZQLIVnPtMnDQEb680zsqbVIk0ofn/lIdxi81Ky3w==",
      "requires": {
        "@fullcalendar/core": "~4.2.0",
        "fast-deep-equal": "^2.0.1",
        "tslib": "^1.9.0"
      }
    },
    "@fullcalendar/core": {
      "version": "4.2.0",
      "resolved": "https://registry.npmjs.org/@fullcalendar/core/-/core-4.2.0.tgz",
      "integrity": "sha512-4kd5OGHxjMtwI0gUHKwAYzmR0Z79Qf8y0ARx2Ruh20JdVy3Tznn6oKwdpkUbaXWrLXNDoXYRkBiFCIgC27VNCw=="
    },
    "@fullcalendar/daygrid": {
      "version": "4.2.0",
      "resolved": "https://registry.npmjs.org/@fullcalendar/daygrid/-/daygrid-4.2.0.tgz",
      "integrity": "sha512-9C61TowLTTZ657cErdylkdRYxXj5HO0NgogQgYX9X2wz7yvn6loiyGx6oq0o6OFf+e/Z4Ey06j7f/fqn/BPYEQ=="
    },
    "@fullcalendar/resource-common": {
      "version": "4.2.0",
      "resolved": "https://registry.npmjs.org/@fullcalendar/resource-common/-/resource-common-4.2.0.tgz",
      "integrity": "sha512-+l72oSkm/gL2Y8FhJ0bn4wzRS8nKImPTCRXSTSwrYPKs26p+MzS/MmARNxiNO0hCJWhJN6C7QG2bl9osYzc+wg=="
    },
    "@fullcalendar/resource-daygrid": {
      "version": "4.2.0",
      "resolved": "https://registry.npmjs.org/@fullcalendar/resource-daygrid/-/resource-daygrid-4.2.0.tgz",
      "integrity": "sha512-4xALuyd8uHVfGfNPg42m30f/IPkClirPeupajVottqWD4TfcbGsSQCejplzgLKO4QM0zhznn+/NITdrS8DYUAg==",
      "requires": {
        "@fullcalendar/daygrid": "~4.2.0",
        "@fullcalendar/resource-common": "~4.2.0"
      }
    },
    "@fullcalendar/resource-timegrid": {
      "version": "4.2.0",
      "resolved": "https://registry.npmjs.org/@fullcalendar/resource-timegrid/-/resource-timegrid-4.2.0.tgz",
      "integrity": "sha512-zSzDTQ+5n3K0k64CL+KLNLsqV/vN/yzJgC+VmIfIST5FM2anp7rNj5SJuDsABr+cXZeQl2nEzN5O4rFI2Qsqyg==",
      "requires": {
        "@fullcalendar/resource-common": "~4.2.0",
        "@fullcalendar/resource-daygrid": "~4.2.0",
        "@fullcalendar/timegrid": "~4.2.0"
      }
    },
    "@fullcalendar/timegrid": {
      "version": "4.2.0",
      "resolved": "https://registry.npmjs.org/@fullcalendar/timegrid/-/timegrid-4.2.0.tgz",
      "integrity": "sha512-JtojTR+1uc1/WNzejcmsI5/2Jg007QprK5IpR8ocUVEcHXaBBXU6CPGirEWKyfk7QPZ7KzmJCykQ68QHiptyKA==",
      "requires": {
        "@fullcalendar/daygrid": "~4.2.0"
      }
    },
    "fast-deep-equal": {
      "version": "2.0.1",
      "resolved": "https://registry.npmjs.org/fast-deep-equal/-/fast-deep-equal-2.0.1.tgz",
      "integrity": "sha1-ewUhjd+WZ79/Nwv3/bLLFf3Qqkk="
    },
    "rxjs": {
      "version": "6.0.0",
      "resolved": "https://registry.npmjs.org/rxjs/-/rxjs-6.0.0.tgz",
      "integrity": "sha512-2MgLQr1zvks8+Kip4T6hcJdiBhV+SIvxguoWjhwtSpNPTp/5e09HJbgclCwR/nW0yWzhubM+6Q0prl8G5RuoBA==",
      "requires": {
        "tslib": "^1.9.0"
      }
    },
    "tslib": {
      "version": "1.10.0",
      "resolved": "https://registry.npmjs.org/tslib/-/tslib-1.10.0.tgz",
      "integrity": "sha512-qOebF53frne81cf0S9B41ByenJ3/IuH8yJKngAX35CmiZySA0khhkovshKK+jGCaMnVomla7gVlIcc3EvKPbTQ=="
    },
    "zone.js": {
      "version": "0.8.29",
      "resolved": "https://registry.npmjs.org/zone.js/-/zone.js-0.8.29.tgz",
      "integrity": "sha512-mla2acNCMkWXBD+c+yeUrBUrzOxYMNFdQ6FGfigGGtEVBPJx07BQeJekjt9DmH1FtZek4E9rE1eRR9qQpxACOQ=="
    }
  }
}
